
Microsoft Visual Studio Solution File, Format Version 12.00
# Visual Studio Version 17
VisualStudioVersion = 17.8.34601.278
MinimumVisualStudioVersion = 10.0.40219.1
Project("{FAE04EC0-301F-11D3-BF4B-00C04F79EFBC}") = "PizzaStore.com", "PizzaStore.com\PizzaStore.com.csproj", "{4850928A-BE75-4D94-A328-7D34F260BAAF}"
EndProject
Global
	GlobalSection(SolutionConfigurationPlatforms) = preSolution
		Debug|Any CPU = Debug|Any CPU
		Release|Any CPU = Release|Any CPU
	EndGlobalSection
	GlobalSection(ProjectConfigurationPlatforms) = postSolution
		{4850928A-BE75-4D94-A328-7D34F260BAAF}.Debug|Any CPU.ActiveCfg = Debug|Any CPU
		{4850928A-BE75-4D94-A328-7D34F260BAAF}.Debug|Any CPU.Build.0 = Debug|Any CPU
		{4850928A-BE75-4D94-A328-7D34F260BAAF}.Release|Any CPU.ActiveCfg = Release|Any CPU
		{4850928A-BE75-4D94-A328-7D34F260BAAF}.Release|Any CPU.Build.0 = Release|Any CPU
	EndGlobalSection
	GlobalSection(SolutionProperties) = preSolution
		HideSolutionNode = FALSE
	EndGlobalSection
	GlobalSection(ExtensibilityGlobals) = postSolution
		SolutionGuid = {F720F74C-C0A7-4E3D-91E6-A2A4F3A38DCE}
	EndGlobalSection
EndGlobal
